
Microsoft Visual Studio Solution File, Format Version 12.00
# Visual Studio 14
VisualStudioVersion = 14.0.24720.0
MinimumVisualStudioVersion = 10.0.40219.1
Project("{2150E333-8FDC-42A3-9474-1A3956D46DE8}") = ".build", ".build", "{9BC3003D-6A25-4547-A9CE-0B0016399429}"
	ProjectSection(SolutionItems) = preProject
		..\build.bat = ..\build.bat
		..\build.fsx = ..\build.fsx
		HelperTrinity.nuspec = HelperTrinity.nuspec
	EndProjectSection
EndProject
Project("{FAE04EC0-301F-11D3-BF4B-00C04F79EFBC}") = "Kent.Boogaart.HelperTrinity", "Kent.Boogaart.HelperTrinity\Kent.Boogaart.HelperTrinity.csproj", "{673733C4-CBA3-43FB-B519-A6BFAC83D9C3}"
EndProject
Global
	GlobalSection(SolutionConfigurationPlatforms) = preSolution
		Debug|Any CPU = Debug|Any CPU
		Release|Any CPU = Release|Any CPU
	EndGlobalSection
	GlobalSection(ProjectConfigurationPlatforms) = postSolution
		{673733C4-CBA3-43FB-B519-A6BFAC83D9C3}.Debug|Any CPU.ActiveCfg = Debug|Any CPU
		{673733C4-CBA3-43FB-B519-A6BFAC83D9C3}.Debug|Any CPU.Build.0 = Debug|Any CPU
		{673733C4-CBA3-43FB-B519-A6BFAC83D9C3}.Release|Any CPU.ActiveCfg = Release|Any CPU
		{673733C4-CBA3-43FB-B519-A6BFAC83D9C3}.Release|Any CPU.Build.0 = Release|Any CPU
	EndGlobalSection
	GlobalSection(SolutionProperties) = preSolution
		HideSolutionNode = FALSE
	EndGlobalSection
EndGlobal
